
Microsoft Visual Studio Solution File, Format Version 12.00
# Visual Studio 15
VisualStudioVersion = 15.0.27428.2027
MinimumVisualStudioVersion = 10.0.40219.1
Project("{9A19103F-16F7-4668-BE54-9A1E7A4F7556}") = "NUniqueHardwareID", "NUniqueHardwareID\NUniqueHardwareID.csproj", "{1BCC2C4B-89ED-4558-9757-4530BFC5DB52}"
EndProject
Project("{FAE04EC0-301F-11D3-BF4B-00C04F79EFBC}") = "Sample", "Sample\Sample.csproj", "{96B3A81B-25CF-404D-A417-0ECBE7C01B5E}"
EndProject
Global
	GlobalSection(SolutionConfigurationPlatforms) = preSolution
		Debug|Any CPU = Debug|Any CPU
		Release|Any CPU = Release|Any CPU
	EndGlobalSection
	GlobalSection(ProjectConfigurationPlatforms) = postSolution
		{1BCC2C4B-89ED-4558-9757-4530BFC5DB52}.Debug|Any CPU.ActiveCfg = Debug|Any CPU
		{1BCC2C4B-89ED-4558-9757-4530BFC5DB52}.Debug|Any CPU.Build.0 = Debug|Any CPU
		{1BCC2C4B-89ED-4558-9757-4530BFC5DB52}.Release|Any CPU.ActiveCfg = Release|Any CPU
		{1BCC2C4B-89ED-4558-9757-4530BFC5DB52}.Release|Any CPU.Build.0 = Release|Any CPU
		{96B3A81B-25CF-404D-A417-0ECBE7C01B5E}.Debug|Any CPU.ActiveCfg = Debug|Any CPU
		{96B3A81B-25CF-404D-A417-0ECBE7C01B5E}.Debug|Any CPU.Build.0 = Debug|Any CPU
		{96B3A81B-25CF-404D-A417-0ECBE7C01B5E}.Release|Any CPU.ActiveCfg = Release|Any CPU
		{96B3A81B-25CF-404D-A417-0ECBE7C01B5E}.Release|Any CPU.Build.0 = Release|Any CPU
	EndGlobalSection
	GlobalSection(SolutionProperties) = preSolution
		HideSolutionNode = FALSE
	EndGlobalSection
	GlobalSection(ExtensibilityGlobals) = postSolution
		SolutionGuid = {7A50E17A-D78F-4E81-BCD1-F64E37287BBD}
	EndGlobalSection
EndGlobal
